// !$*UTF8*$!
{
	archiveVersion = 1;
	classes = {
	};
	objectVersion = 51;
	objects = {

/* Begin PBXBuildFile section */
		0522646629A7192D3B033B07 /* Pods_Frontend.framework in Frameworks */ = {isa = PBXBuildFile; fileRef = FA17EC0CBDBD823B0F4AB430 /* Pods_Frontend.framework */; };
		50752D342562ADF60018242B /* SignInView.swift in Sources */ = {isa = PBXBuildFile; fileRef = 50752D332562ADF60018242B /* SignInView.swift */; };
		B90DE09C2563EC3B00A67055 /* Post.swift in Sources */ = {isa = PBXBuildFile; fileRef = B90DE09B2563EC3B00A67055 /* Post.swift */; };
		B90DE0A02563ECC000A67055 /* User.swift in Sources */ = {isa = PBXBuildFile; fileRef = B90DE09F2563ECC000A67055 /* User.swift */; };
		B90DE0A72563EF9500A67055 /* Comment.swift in Sources */ = {isa = PBXBuildFile; fileRef = B90DE0A62563EF9500A67055 /* Comment.swift */; };
		B98A791E2562BD6D000FFAAD /* Modifier-Aligned.swift in Sources */ = {isa = PBXBuildFile; fileRef = B98A791D2562BD6D000FFAAD /* Modifier-Aligned.swift */; };
		B98FC69525651B13004C8A2C /* CommentList.swift in Sources */ = {isa = PBXBuildFile; fileRef = B98FC69425651B13004C8A2C /* CommentList.swift */; };
		B98FC69925651BB3004C8A2C /* CommentListPreview.swift in Sources */ = {isa = PBXBuildFile; fileRef = B98FC69825651BB3004C8A2C /* CommentListPreview.swift */; };
		B98FC69C25651D48004C8A2C /* ProfileUsername.swift in Sources */ = {isa = PBXBuildFile; fileRef = B98FC69B25651D48004C8A2C /* ProfileUsername.swift */; };
		B98FC69F25651D84004C8A2C /* ProfileName.swift in Sources */ = {isa = PBXBuildFile; fileRef = B98FC69E25651D84004C8A2C /* ProfileName.swift */; };
		B98FC6A225651DDA004C8A2C /* ProfileBio.swift in Sources */ = {isa = PBXBuildFile; fileRef = B98FC6A125651DDA004C8A2C /* ProfileBio.swift */; };
		B98FC6AB25651F10004C8A2C /* PostDescription.swift in Sources */ = {isa = PBXBuildFile; fileRef = B98FC6AA25651F10004C8A2C /* PostDescription.swift */; };
		B98FC6B125652211004C8A2C /* FeedController.swift in Sources */ = {isa = PBXBuildFile; fileRef = B98FC6B025652211004C8A2C /* FeedController.swift */; };
		B98FC6B425652227004C8A2C /* FeedPage.swift in Sources */ = {isa = PBXBuildFile; fileRef = B98FC6B325652227004C8A2C /* FeedPage.swift */; };
		B98FC6B725652480004C8A2C /* FeedPageRequest.swift in Sources */ = {isa = PBXBuildFile; fileRef = B98FC6B625652480004C8A2C /* FeedPageRequest.swift */; };
		B98FC6BD2565281E004C8A2C /* StatusResponse.swift in Sources */ = {isa = PBXBuildFile; fileRef = B98FC6BC2565281E004C8A2C /* StatusResponse.swift */; };
		B98FC6C12565286F004C8A2C /* IDRequest.swift in Sources */ = {isa = PBXBuildFile; fileRef = B98FC6C02565286F004C8A2C /* IDRequest.swift */; };
		B98FC6C725653DB6004C8A2C /* Padding-Default.swift in Sources */ = {isa = PBXBuildFile; fileRef = B98FC6C625653DB6004C8A2C /* Padding-Default.swift */; };
		B98FC6D025653E3E004C8A2C /* PostStack.swift in Sources */ = {isa = PBXBuildFile; fileRef = B98FC6CF25653E3E004C8A2C /* PostStack.swift */; };
		B98FC6D425653F88004C8A2C /* PaddedView.swift in Sources */ = {isa = PBXBuildFile; fileRef = B98FC6D325653F88004C8A2C /* PaddedView.swift */; };
		B98FC6DA2565413A004C8A2C /* CommentListStandalone.swift in Sources */ = {isa = PBXBuildFile; fileRef = B98FC6D92565413A004C8A2C /* CommentListStandalone.swift */; };
		B98FC6DE2565421C004C8A2C /* PostScreen.swift in Sources */ = {isa = PBXBuildFile; fileRef = B98FC6DD2565421C004C8A2C /* PostScreen.swift */; };
		B98FC6E425654847004C8A2C /* AllDiscountsLoader.swift in Sources */ = {isa = PBXBuildFile; fileRef = B98FC6E325654847004C8A2C /* AllDiscountsLoader.swift */; };
		B98FC6E7256548BE004C8A2C /* EmptyRequest.swift in Sources */ = {isa = PBXBuildFile; fileRef = B98FC6E6256548BE004C8A2C /* EmptyRequest.swift */; };
		B98FC6EB25654910004C8A2C /* DiscountLoader.swift in Sources */ = {isa = PBXBuildFile; fileRef = B98FC6EA25654910004C8A2C /* DiscountLoader.swift */; };
		B98FC6EE256549CA004C8A2C /* PointsDiscounts.swift in Sources */ = {isa = PBXBuildFile; fileRef = B98FC6ED256549CA004C8A2C /* PointsDiscounts.swift */; };
		B98FC6F125654A40004C8A2C /* PointsHeader.swift in Sources */ = {isa = PBXBuildFile; fileRef = B98FC6F025654A40004C8A2C /* PointsHeader.swift */; };
		B98FC6F425654A66004C8A2C /* UserPointsLoader.swift in Sources */ = {isa = PBXBuildFile; fileRef = B98FC6F325654A66004C8A2C /* UserPointsLoader.swift */; };
		B98FC6F725654A72004C8A2C /* UserPoints.swift in Sources */ = {isa = PBXBuildFile; fileRef = B98FC6F625654A72004C8A2C /* UserPoints.swift */; };
		B98FC6FF25654C52004C8A2C /* DiscountView.swift in Sources */ = {isa = PBXBuildFile; fileRef = B98FC6FE25654C52004C8A2C /* DiscountView.swift */; };
		B98FC70325654CC5004C8A2C /* DiscountScreen.swift in Sources */ = {isa = PBXBuildFile; fileRef = B98FC70225654CC5004C8A2C /* DiscountScreen.swift */; };
		B98FC70625654D1E004C8A2C /* DiscountGrid.swift in Sources */ = {isa = PBXBuildFile; fileRef = B98FC70525654D1E004C8A2C /* DiscountGrid.swift */; };
		B98FC70C256551C3004C8A2C /* LogInWithSnapchatButton.swift in Sources */ = {isa = PBXBuildFile; fileRef = B98FC70B256551C3004C8A2C /* LogInWithSnapchatButton.swift */; };
		B98FC70F2565526D004C8A2C /* AuthController.swift in Sources */ = {isa = PBXBuildFile; fileRef = B98FC70E2565526D004C8A2C /* AuthController.swift */; };
		B98FC7122565565B004C8A2C /* CloseButton.swift in Sources */ = {isa = PBXBuildFile; fileRef = B98FC7112565565B004C8A2C /* CloseButton.swift */; };
		B9AA28FE2563F1F5002601BA /* Loader.swift in Sources */ = {isa = PBXBuildFile; fileRef = B9AA28FD2563F1F5002601BA /* Loader.swift */; };
		B9AA29012563F214002601BA /* ThrowsErrors.swift in Sources */ = {isa = PBXBuildFile; fileRef = B9AA29002563F214002601BA /* ThrowsErrors.swift */; };
		B9AA29042563F230002601BA /* IdentifiableError.swift in Sources */ = {isa = PBXBuildFile; fileRef = B9AA29032563F230002601BA /* IdentifiableError.swift */; };
		B9AA29092563F569002601BA /* Load.swift in Sources */ = {isa = PBXBuildFile; fileRef = B9AA29082563F569002601BA /* Load.swift */; };
		B9AA290C2563F695002601BA /* Loadable.swift in Sources */ = {isa = PBXBuildFile; fileRef = B9AA290B2563F695002601BA /* Loadable.swift */; };
		B9AA290F2563F893002601BA /* UserLoader.swift in Sources */ = {isa = PBXBuildFile; fileRef = B9AA290E2563F893002601BA /* UserLoader.swift */; };
		B9AA29122563F8C7002601BA /* Constants.swift in Sources */ = {isa = PBXBuildFile; fileRef = B9AA29112563F8C7002601BA /* Constants.swift */; };
		B9AA29152563F9D8002601BA /* FetchRequest.swift in Sources */ = {isa = PBXBuildFile; fileRef = B9AA29142563F9D8002601BA /* FetchRequest.swift */; };
		B9AA29182563FAD6002601BA /* Profile.swift in Sources */ = {isa = PBXBuildFile; fileRef = B9AA29172563FAD6002601BA /* Profile.swift */; };
		B9AA291E2563FDA4002601BA /* PostGrid.swift in Sources */ = {isa = PBXBuildFile; fileRef = B9AA291D2563FDA4002601BA /* PostGrid.swift */; };
		B9AA29212563FEB1002601BA /* PostThumbnail.swift in Sources */ = {isa = PBXBuildFile; fileRef = B9AA29202563FEB1002601BA /* PostThumbnail.swift */; };
		B9AA29242563FF1B002601BA /* PostLoader.swift in Sources */ = {isa = PBXBuildFile; fileRef = B9AA29232563FF1B002601BA /* PostLoader.swift */; };
		B9AA292725640010002601BA /* ProfileHeader.swift in Sources */ = {isa = PBXBuildFile; fileRef = B9AA292625640010002601BA /* ProfileHeader.swift */; };
		B9AA292D256509C6002601BA /* Placeholders.swift in Sources */ = {isa = PBXBuildFile; fileRef = B9AA292C256509C6002601BA /* Placeholders.swift */; };
		B9AA293925651274002601BA /* CommentLoader.swift in Sources */ = {isa = PBXBuildFile; fileRef = B9AA293825651274002601BA /* CommentLoader.swift */; };
		B9AA293D25651453002601BA /* Discount.swift in Sources */ = {isa = PBXBuildFile; fileRef = B9AA293C25651453002601BA /* Discount.swift */; };
		B9AA294425651566002601BA /* CommentView.swift in Sources */ = {isa = PBXBuildFile; fileRef = B9AA294325651566002601BA /* CommentView.swift */; };
		B9AA2948256515E0002601BA /* UserUsernameLabel.swift in Sources */ = {isa = PBXBuildFile; fileRef = B9AA2947256515E0002601BA /* UserUsernameLabel.swift */; };
		B9AA294B2565165F002601BA /* UserSmallLabel.swift in Sources */ = {isa = PBXBuildFile; fileRef = B9AA294A2565165F002601BA /* UserSmallLabel.swift */; };
		B9AA294E2565169B002601BA /* UserProfilePicture.swift in Sources */ = {isa = PBXBuildFile; fileRef = B9AA294D2565169B002601BA /* UserProfilePicture.swift */; };
		B9AA2956256517DC002601BA /* CommentInfo.swift in Sources */ = {isa = PBXBuildFile; fileRef = B9AA2955256517DC002601BA /* CommentInfo.swift */; };
		B9B41D882561324C003BDB2C /* App.swift in Sources */ = {isa = PBXBuildFile; fileRef = B9B41D872561324C003BDB2C /* App.swift */; };
		B9B41D8A2561324C003BDB2C /* Base.swift in Sources */ = {isa = PBXBuildFile; fileRef = B9B41D892561324C003BDB2C /* Base.swift */; };
		B9B41D8C2561324D003BDB2C /* Assets.xcassets in Resources */ = {isa = PBXBuildFile; fileRef = B9B41D8B2561324D003BDB2C /* Assets.xcassets */; };
		B9B41D8F2561324D003BDB2C /* Preview Assets.xcassets in Resources */ = {isa = PBXBuildFile; fileRef = B9B41D8E2561324D003BDB2C /* Preview Assets.xcassets */; };
		B9B41D9A2561331D003BDB2C /* Feed.swift in Sources */ = {isa = PBXBuildFile; fileRef = B9B41D992561331D003BDB2C /* Feed.swift */; };
		B9B41D9E25613331003BDB2C /* PostView.swift in Sources */ = {isa = PBXBuildFile; fileRef = B9B41D9D25613331003BDB2C /* PostView.swift */; };
		B9B41DA225613338003BDB2C /* PostImage.swift in Sources */ = {isa = PBXBuildFile; fileRef = B9B41DA125613338003BDB2C /* PostImage.swift */; };
		B9B41DAD25613371003BDB2C /* NewPost.swift in Sources */ = {isa = PBXBuildFile; fileRef = B9B41DAC25613371003BDB2C /* NewPost.swift */; };
/* End PBXBuildFile section */

/* Begin PBXFileReference section */
		50752D332562ADF60018242B /* SignInView.swift */ = {isa = PBXFileReference; lastKnownFileType = sourcecode.swift; path = SignInView.swift; sourceTree = "<group>"; };
		87B2EAF82C73C9E24FD18149 /* Pods-Frontend.debug.xcconfig */ = {isa = PBXFileReference; includeInIndex = 1; lastKnownFileType = text.xcconfig; name = "Pods-Frontend.debug.xcconfig"; path = "Target Support Files/Pods-Frontend/Pods-Frontend.debug.xcconfig"; sourceTree = "<group>"; };
		B89498420F5FAB6216F6A10C /* Pods-Frontend.release.xcconfig */ = {isa = PBXFileReference; includeInIndex = 1; lastKnownFileType = text.xcconfig; name = "Pods-Frontend.release.xcconfig"; path = "Target Support Files/Pods-Frontend/Pods-Frontend.release.xcconfig"; sourceTree = "<group>"; };
		B90DE09B2563EC3B00A67055 /* Post.swift */ = {isa = PBXFileReference; lastKnownFileType = sourcecode.swift; path = Post.swift; sourceTree = "<group>"; };
		B90DE09F2563ECC000A67055 /* User.swift */ = {isa = PBXFileReference; lastKnownFileType = sourcecode.swift; path = User.swift; sourceTree = "<group>"; };
		B90DE0A62563EF9500A67055 /* Comment.swift */ = {isa = PBXFileReference; lastKnownFileType = sourcecode.swift; path = Comment.swift; sourceTree = "<group>"; };
		B98A791D2562BD6D000FFAAD /* Modifier-Aligned.swift */ = {isa = PBXFileReference; lastKnownFileType = sourcecode.swift; path = "Modifier-Aligned.swift"; sourceTree = "<group>"; };
		B98FC69425651B13004C8A2C /* CommentList.swift */ = {isa = PBXFileReference; lastKnownFileType = sourcecode.swift; path = CommentList.swift; sourceTree = "<group>"; };
		B98FC69825651BB3004C8A2C /* CommentListPreview.swift */ = {isa = PBXFileReference; lastKnownFileType = sourcecode.swift; path = CommentListPreview.swift; sourceTree = "<group>"; };
		B98FC69B25651D48004C8A2C /* ProfileUsername.swift */ = {isa = PBXFileReference; lastKnownFileType = sourcecode.swift; path = ProfileUsername.swift; sourceTree = "<group>"; };
		B98FC69E25651D84004C8A2C /* ProfileName.swift */ = {isa = PBXFileReference; lastKnownFileType = sourcecode.swift; path = ProfileName.swift; sourceTree = "<group>"; };
		B98FC6A125651DDA004C8A2C /* ProfileBio.swift */ = {isa = PBXFileReference; lastKnownFileType = sourcecode.swift; path = ProfileBio.swift; sourceTree = "<group>"; };
		B98FC6AA25651F10004C8A2C /* PostDescription.swift */ = {isa = PBXFileReference; lastKnownFileType = sourcecode.swift; path = PostDescription.swift; sourceTree = "<group>"; };
		B98FC6B025652211004C8A2C /* FeedController.swift */ = {isa = PBXFileReference; lastKnownFileType = sourcecode.swift; path = FeedController.swift; sourceTree = "<group>"; };
		B98FC6B325652227004C8A2C /* FeedPage.swift */ = {isa = PBXFileReference; lastKnownFileType = sourcecode.swift; path = FeedPage.swift; sourceTree = "<group>"; };
		B98FC6B625652480004C8A2C /* FeedPageRequest.swift */ = {isa = PBXFileReference; lastKnownFileType = sourcecode.swift; path = FeedPageRequest.swift; sourceTree = "<group>"; };
		B98FC6BC2565281E004C8A2C /* StatusResponse.swift */ = {isa = PBXFileReference; lastKnownFileType = sourcecode.swift; path = StatusResponse.swift; sourceTree = "<group>"; };
		B98FC6C02565286F004C8A2C /* IDRequest.swift */ = {isa = PBXFileReference; lastKnownFileType = sourcecode.swift; path = IDRequest.swift; sourceTree = "<group>"; };
		B98FC6C425653AEF004C8A2C /* Frontend.entitlements */ = {isa = PBXFileReference; lastKnownFileType = text.plist.entitlements; path = Frontend.entitlements; sourceTree = "<group>"; };
		B98FC6C625653DB6004C8A2C /* Padding-Default.swift */ = {isa = PBXFileReference; lastKnownFileType = sourcecode.swift; path = "Padding-Default.swift"; sourceTree = "<group>"; };
		B98FC6CF25653E3E004C8A2C /* PostStack.swift */ = {isa = PBXFileReference; lastKnownFileType = sourcecode.swift; path = PostStack.swift; sourceTree = "<group>"; };
		B98FC6D325653F88004C8A2C /* PaddedView.swift */ = {isa = PBXFileReference; lastKnownFileType = sourcecode.swift; path = PaddedView.swift; sourceTree = "<group>"; };
		B98FC6D92565413A004C8A2C /* CommentListStandalone.swift */ = {isa = PBXFileReference; lastKnownFileType = sourcecode.swift; path = CommentListStandalone.swift; sourceTree = "<group>"; };
		B98FC6DD2565421C004C8A2C /* PostScreen.swift */ = {isa = PBXFileReference; lastKnownFileType = sourcecode.swift; path = PostScreen.swift; sourceTree = "<group>"; };
		B98FC6E325654847004C8A2C /* AllDiscountsLoader.swift */ = {isa = PBXFileReference; lastKnownFileType = sourcecode.swift; path = AllDiscountsLoader.swift; sourceTree = "<group>"; };
		B98FC6E6256548BE004C8A2C /* EmptyRequest.swift */ = {isa = PBXFileReference; lastKnownFileType = sourcecode.swift; path = EmptyRequest.swift; sourceTree = "<group>"; };
		B98FC6EA25654910004C8A2C /* DiscountLoader.swift */ = {isa = PBXFileReference; lastKnownFileType = sourcecode.swift; path = DiscountLoader.swift; sourceTree = "<group>"; };
		B98FC6ED256549CA004C8A2C /* PointsDiscounts.swift */ = {isa = PBXFileReference; lastKnownFileType = sourcecode.swift; path = PointsDiscounts.swift; sourceTree = "<group>"; };
		B98FC6F025654A40004C8A2C /* PointsHeader.swift */ = {isa = PBXFileReference; lastKnownFileType = sourcecode.swift; path = PointsHeader.swift; sourceTree = "<group>"; };
		B98FC6F325654A66004C8A2C /* UserPointsLoader.swift */ = {isa = PBXFileReference; lastKnownFileType = sourcecode.swift; path = UserPointsLoader.swift; sourceTree = "<group>"; };
		B98FC6F625654A72004C8A2C /* UserPoints.swift */ = {isa = PBXFileReference; lastKnownFileType = sourcecode.swift; path = UserPoints.swift; sourceTree = "<group>"; };
		B98FC6FE25654C52004C8A2C /* DiscountView.swift */ = {isa = PBXFileReference; lastKnownFileType = sourcecode.swift; path = DiscountView.swift; sourceTree = "<group>"; };
		B98FC70225654CC5004C8A2C /* DiscountScreen.swift */ = {isa = PBXFileReference; lastKnownFileType = sourcecode.swift; path = DiscountScreen.swift; sourceTree = "<group>"; };
		B98FC70525654D1E004C8A2C /* DiscountGrid.swift */ = {isa = PBXFileReference; lastKnownFileType = sourcecode.swift; path = DiscountGrid.swift; sourceTree = "<group>"; };
		B98FC70B256551C3004C8A2C /* LogInWithSnapchatButton.swift */ = {isa = PBXFileReference; lastKnownFileType = sourcecode.swift; path = LogInWithSnapchatButton.swift; sourceTree = "<group>"; };
		B98FC70E2565526D004C8A2C /* AuthController.swift */ = {isa = PBXFileReference; lastKnownFileType = sourcecode.swift; path = AuthController.swift; sourceTree = "<group>"; };
		B98FC7112565565B004C8A2C /* CloseButton.swift */ = {isa = PBXFileReference; lastKnownFileType = sourcecode.swift; path = CloseButton.swift; sourceTree = "<group>"; };
		B9AA28FD2563F1F5002601BA /* Loader.swift */ = {isa = PBXFileReference; lastKnownFileType = sourcecode.swift; path = Loader.swift; sourceTree = "<group>"; };
		B9AA29002563F214002601BA /* ThrowsErrors.swift */ = {isa = PBXFileReference; lastKnownFileType = sourcecode.swift; path = ThrowsErrors.swift; sourceTree = "<group>"; };
		B9AA29032563F230002601BA /* IdentifiableError.swift */ = {isa = PBXFileReference; lastKnownFileType = sourcecode.swift; path = IdentifiableError.swift; sourceTree = "<group>"; };
		B9AA29082563F569002601BA /* Load.swift */ = {isa = PBXFileReference; lastKnownFileType = sourcecode.swift; path = Load.swift; sourceTree = "<group>"; };
		B9AA290B2563F695002601BA /* Loadable.swift */ = {isa = PBXFileReference; lastKnownFileType = sourcecode.swift; path = Loadable.swift; sourceTree = "<group>"; };
		B9AA290E2563F893002601BA /* UserLoader.swift */ = {isa = PBXFileReference; lastKnownFileType = sourcecode.swift; path = UserLoader.swift; sourceTree = "<group>"; };
		B9AA29112563F8C7002601BA /* Constants.swift */ = {isa = PBXFileReference; lastKnownFileType = sourcecode.swift; path = Constants.swift; sourceTree = "<group>"; };
		B9AA29142563F9D8002601BA /* FetchRequest.swift */ = {isa = PBXFileReference; lastKnownFileType = sourcecode.swift; path = FetchRequest.swift; sourceTree = "<group>"; };
		B9AA29172563FAD6002601BA /* Profile.swift */ = {isa = PBXFileReference; lastKnownFileType = sourcecode.swift; path = Profile.swift; sourceTree = "<group>"; };
		B9AA291D2563FDA4002601BA /* PostGrid.swift */ = {isa = PBXFileReference; lastKnownFileType = sourcecode.swift; path = PostGrid.swift; sourceTree = "<group>"; };
		B9AA29202563FEB1002601BA /* PostThumbnail.swift */ = {isa = PBXFileReference; lastKnownFileType = sourcecode.swift; path = PostThumbnail.swift; sourceTree = "<group>"; };
		B9AA29232563FF1B002601BA /* PostLoader.swift */ = {isa = PBXFileReference; lastKnownFileType = sourcecode.swift; path = PostLoader.swift; sourceTree = "<group>"; };
		B9AA292625640010002601BA /* ProfileHeader.swift */ = {isa = PBXFileReference; lastKnownFileType = sourcecode.swift; path = ProfileHeader.swift; sourceTree = "<group>"; };
		B9AA292C256509C6002601BA /* Placeholders.swift */ = {isa = PBXFileReference; lastKnownFileType = sourcecode.swift; path = Placeholders.swift; sourceTree = "<group>"; };
		B9AA293825651274002601BA /* CommentLoader.swift */ = {isa = PBXFileReference; lastKnownFileType = sourcecode.swift; path = CommentLoader.swift; sourceTree = "<group>"; };
		B9AA293C25651453002601BA /* Discount.swift */ = {isa = PBXFileReference; lastKnownFileType = sourcecode.swift; path = Discount.swift; sourceTree = "<group>"; };
		B9AA294325651566002601BA /* CommentView.swift */ = {isa = PBXFileReference; lastKnownFileType = sourcecode.swift; path = CommentView.swift; sourceTree = "<group>"; };
		B9AA2947256515E0002601BA /* UserUsernameLabel.swift */ = {isa = PBXFileReference; lastKnownFileType = sourcecode.swift; path = UserUsernameLabel.swift; sourceTree = "<group>"; };
		B9AA294A2565165F002601BA /* UserSmallLabel.swift */ = {isa = PBXFileReference; lastKnownFileType = sourcecode.swift; path = UserSmallLabel.swift; sourceTree = "<group>"; };
		B9AA294D2565169B002601BA /* UserProfilePicture.swift */ = {isa = PBXFileReference; lastKnownFileType = sourcecode.swift; path = UserProfilePicture.swift; sourceTree = "<group>"; };
		B9AA2955256517DC002601BA /* CommentInfo.swift */ = {isa = PBXFileReference; lastKnownFileType = sourcecode.swift; path = CommentInfo.swift; sourceTree = "<group>"; };
		B9B41D842561324C003BDB2C /* Frontend.app */ = {isa = PBXFileReference; explicitFileType = wrapper.application; includeInIndex = 0; path = Frontend.app; sourceTree = BUILT_PRODUCTS_DIR; };
		B9B41D872561324C003BDB2C /* App.swift */ = {isa = PBXFileReference; lastKnownFileType = sourcecode.swift; path = App.swift; sourceTree = "<group>"; };
		B9B41D892561324C003BDB2C /* Base.swift */ = {isa = PBXFileReference; lastKnownFileType = sourcecode.swift; path = Base.swift; sourceTree = "<group>"; };
		B9B41D8B2561324D003BDB2C /* Assets.xcassets */ = {isa = PBXFileReference; lastKnownFileType = folder.assetcatalog; path = Assets.xcassets; sourceTree = "<group>"; };
		B9B41D8E2561324D003BDB2C /* Preview Assets.xcassets */ = {isa = PBXFileReference; lastKnownFileType = folder.assetcatalog; path = "Preview Assets.xcassets"; sourceTree = "<group>"; };
		B9B41D902561324D003BDB2C /* Info.plist */ = {isa = PBXFileReference; lastKnownFileType = text.plist.xml; path = Info.plist; sourceTree = "<group>"; };
		B9B41D992561331D003BDB2C /* Feed.swift */ = {isa = PBXFileReference; lastKnownFileType = sourcecode.swift; path = Feed.swift; sourceTree = "<group>"; };
		B9B41D9D25613331003BDB2C /* PostView.swift */ = {isa = PBXFileReference; lastKnownFileType = sourcecode.swift; path = PostView.swift; sourceTree = "<group>"; };
		B9B41DA125613338003BDB2C /* PostImage.swift */ = {isa = PBXFileReference; lastKnownFileType = sourcecode.swift; path = PostImage.swift; sourceTree = "<group>"; };
		B9B41DAC25613371003BDB2C /* NewPost.swift */ = {isa = PBXFileReference; lastKnownFileType = sourcecode.swift; path = NewPost.swift; sourceTree = "<group>"; };
		FA17EC0CBDBD823B0F4AB430 /* Pods_Frontend.framework */ = {isa = PBXFileReference; explicitFileType = wrapper.framework; includeInIndex = 0; path = Pods_Frontend.framework; sourceTree = BUILT_PRODUCTS_DIR; };
/* End PBXFileReference section */

/* Begin PBXFrameworksBuildPhase section */
		B9B41D812561324C003BDB2C /* Frameworks */ = {
			isa = PBXFrameworksBuildPhase;
			buildActionMask = 2147483647;
			files = (
				0522646629A7192D3B033B07 /* Pods_Frontend.framework in Frameworks */,
			);
			runOnlyForDeploymentPostprocessing = 0;
		};
/* End PBXFrameworksBuildPhase section */

/* Begin PBXGroup section */
		0AF66B502605C8A332CC39A4 /* Frameworks */ = {
			isa = PBXGroup;
			children = (
				FA17EC0CBDBD823B0F4AB430 /* Pods_Frontend.framework */,
			);
			name = Frameworks;
			sourceTree = "<group>";
		};
		2EE82C18983D6FC35A4CD2AD /* Pods */ = {
			isa = PBXGroup;
			children = (
				87B2EAF82C73C9E24FD18149 /* Pods-Frontend.debug.xcconfig */,
				B89498420F5FAB6216F6A10C /* Pods-Frontend.release.xcconfig */,
			);
			path = Pods;
			sourceTree = "<group>";
		};
		50752D362562AE290018242B /* Views */ = {
			isa = PBXGroup;
			children = (
				50752D332562ADF60018242B /* SignInView.swift */,
				B98FC70B256551C3004C8A2C /* LogInWithSnapchatButton.swift */,
			);
			path = Views;
			sourceTree = "<group>";
		};
		B90DE09A2563EBFC00A67055 /* Models */ = {
			isa = PBXGroup;
			children = (
				B98FC6BF25652859004C8A2C /* Network */,
				B90DE0A62563EF9500A67055 /* Comment.swift */,
				B9AA293C25651453002601BA /* Discount.swift */,
				B90DE09B2563EC3B00A67055 /* Post.swift */,
				B90DE09F2563ECC000A67055 /* User.swift */,
				B98FC6F625654A72004C8A2C /* UserPoints.swift */,
			);
			path = Models;
			sourceTree = "<group>";
		};
		B98A791C2562BD4C000FFAAD /* Reusable */ = {
			isa = PBXGroup;
			children = (
				B98A791D2562BD6D000FFAAD /* Modifier-Aligned.swift */,
				B98FC6C625653DB6004C8A2C /* Padding-Default.swift */,
				B98FC6D325653F88004C8A2C /* PaddedView.swift */,
				B98FC7112565565B004C8A2C /* CloseButton.swift */,
			);
			path = Reusable;
			sourceTree = "<group>";
		};
		B98FC6A525651E95004C8A2C /* Controllers */ = {
			isa = PBXGroup;
			children = (
				B98FC70E2565526D004C8A2C /* AuthController.swift */,
			);
			path = Controllers;
			sourceTree = "<group>";
		};
		B98FC6BF25652859004C8A2C /* Network */ = {
			isa = PBXGroup;
			children = (
				B98FC6E6256548BE004C8A2C /* EmptyRequest.swift */,
				B98FC6B325652227004C8A2C /* FeedPage.swift */,
				B98FC6B625652480004C8A2C /* FeedPageRequest.swift */,
				B9AA29142563F9D8002601BA /* FetchRequest.swift */,
				B98FC6C02565286F004C8A2C /* IDRequest.swift */,
				B98FC6BC2565281E004C8A2C /* StatusResponse.swift */,
			);
			path = Network;
			sourceTree = "<group>";
		};
		B98FC6E02565481D004C8A2C /* PointsAndDiscounts */ = {
			isa = PBXGroup;
			children = (
				B98FC6E125654829004C8A2C /* Loaders */,
				B98FC6E22565482F004C8A2C /* Views */,
			);
			path = PointsAndDiscounts;
			sourceTree = "<group>";
		};
		B98FC6E125654829004C8A2C /* Loaders */ = {
			isa = PBXGroup;
			children = (
				B98FC6E325654847004C8A2C /* AllDiscountsLoader.swift */,
				B98FC6EA25654910004C8A2C /* DiscountLoader.swift */,
				B98FC6F325654A66004C8A2C /* UserPointsLoader.swift */,
			);
			path = Loaders;
			sourceTree = "<group>";
		};
		B98FC6E22565482F004C8A2C /* Views */ = {
			isa = PBXGroup;
			children = (
				B98FC6ED256549CA004C8A2C /* PointsDiscounts.swift */,
				B98FC6F025654A40004C8A2C /* PointsHeader.swift */,
				B98FC70525654D1E004C8A2C /* DiscountGrid.swift */,
				B98FC6FE25654C52004C8A2C /* DiscountView.swift */,
				B98FC70225654CC5004C8A2C /* DiscountScreen.swift */,
			);
			path = Views;
			sourceTree = "<group>";
		};
		B9AA28FB2563F17A002601BA /* Networking */ = {
			isa = PBXGroup;
			children = (
				B9AA29062563F233002601BA /* ErrorHandling */,
				B9AA28FD2563F1F5002601BA /* Loader.swift */,
				B9AA29082563F569002601BA /* Load.swift */,
				B9AA290B2563F695002601BA /* Loadable.swift */,
			);
			path = Networking;
			sourceTree = "<group>";
		};
		B9AA28FC2563F18B002601BA /* Activities */ = {
			isa = PBXGroup;
			children = (
				B9B41D97256132F7003BDB2C /* Auth */,
				B9B41D9825613300003BDB2C /* Feed */,
				B9AA29342565125B002601BA /* Comments */,
				B98FC6E02565481D004C8A2C /* PointsAndDiscounts */,
				B9AA293025650DEC002601BA /* Posts */,
				B9B41DA82561334C003BDB2C /* NewPost */,
				B9B41DAF2561337D003BDB2C /* Users */,
			);
			path = Activities;
			sourceTree = "<group>";
		};
		B9AA29062563F233002601BA /* ErrorHandling */ = {
			isa = PBXGroup;
			children = (
				B9AA29032563F230002601BA /* IdentifiableError.swift */,
				B9AA29002563F214002601BA /* ThrowsErrors.swift */,
			);
			path = ErrorHandling;
			sourceTree = "<group>";
		};
		B9AA293025650DEC002601BA /* Posts */ = {
			isa = PBXGroup;
			children = (
				B9AA293125650DF5002601BA /* Loaders */,
				B9AA293225650DF8002601BA /* Views */,
			);
			path = Posts;
			sourceTree = "<group>";
		};
		B9AA293125650DF5002601BA /* Loaders */ = {
			isa = PBXGroup;
			children = (
				B9AA29232563FF1B002601BA /* PostLoader.swift */,
			);
			path = Loaders;
			sourceTree = "<group>";
		};
		B9AA293225650DF8002601BA /* Views */ = {
			isa = PBXGroup;
			children = (
				B98FC6CF25653E3E004C8A2C /* PostStack.swift */,
				B9AA291D2563FDA4002601BA /* PostGrid.swift */,
				B9B41D9D25613331003BDB2C /* PostView.swift */,
				B98FC6DD2565421C004C8A2C /* PostScreen.swift */,
				B98FC6AA25651F10004C8A2C /* PostDescription.swift */,
				B9B41DA125613338003BDB2C /* PostImage.swift */,
				B9AA29202563FEB1002601BA /* PostThumbnail.swift */,
			);
			path = Views;
			sourceTree = "<group>";
		};
		B9AA29342565125B002601BA /* Comments */ = {
			isa = PBXGroup;
			children = (
				B9AA29372565126B002601BA /* Loaders */,
				B9AA293625651267002601BA /* Views */,
			);
			path = Comments;
			sourceTree = "<group>";
		};
		B9AA293625651267002601BA /* Views */ = {
			isa = PBXGroup;
			children = (
				B98FC69425651B13004C8A2C /* CommentList.swift */,
				B98FC6D92565413A004C8A2C /* CommentListStandalone.swift */,
				B98FC69825651BB3004C8A2C /* CommentListPreview.swift */,
				B9AA294325651566002601BA /* CommentView.swift */,
				B9AA2955256517DC002601BA /* CommentInfo.swift */,
			);
			path = Views;
			sourceTree = "<group>";
		};
		B9AA29372565126B002601BA /* Loaders */ = {
			isa = PBXGroup;
			children = (
				B9AA293825651274002601BA /* CommentLoader.swift */,
			);
			path = Loaders;
			sourceTree = "<group>";
		};
		B9B41D7B2561324C003BDB2C = {
			isa = PBXGroup;
			children = (
				B9B41D862561324C003BDB2C /* Frontend */,
				B9B41D852561324C003BDB2C /* Products */,
				2EE82C18983D6FC35A4CD2AD /* Pods */,
				0AF66B502605C8A332CC39A4 /* Frameworks */,
			);
			sourceTree = "<group>";
		};
		B9B41D852561324C003BDB2C /* Products */ = {
			isa = PBXGroup;
			children = (
				B9B41D842561324C003BDB2C /* Frontend.app */,
			);
			name = Products;
			sourceTree = "<group>";
		};
		B9B41D862561324C003BDB2C /* Frontend */ = {
			isa = PBXGroup;
			children = (
				B98FC6C425653AEF004C8A2C /* Frontend.entitlements */,
				B9B41D872561324C003BDB2C /* App.swift */,
				B9B41D892561324C003BDB2C /* Base.swift */,
				B9AA29112563F8C7002601BA /* Constants.swift */,
				B9AA292C256509C6002601BA /* Placeholders.swift */,
				B9AA28FC2563F18B002601BA /* Activities */,
				B90DE09A2563EBFC00A67055 /* Models */,
				B9AA28FB2563F17A002601BA /* Networking */,
				B98A791C2562BD4C000FFAAD /* Reusable */,
				B9B41D8B2561324D003BDB2C /* Assets.xcassets */,
				B9B41D902561324D003BDB2C /* Info.plist */,
				B9B41D8D2561324D003BDB2C /* Preview Content */,
			);
			path = Frontend;
			sourceTree = "<group>";
		};
		B9B41D8D2561324D003BDB2C /* Preview Content */ = {
			isa = PBXGroup;
			children = (
				B9B41D8E2561324D003BDB2C /* Preview Assets.xcassets */,
			);
			path = "Preview Content";
			sourceTree = "<group>";
		};
		B9B41D97256132F7003BDB2C /* Auth */ = {
			isa = PBXGroup;
			children = (
				B98FC6A525651E95004C8A2C /* Controllers */,
				50752D362562AE290018242B /* Views */,
			);
			path = Auth;
			sourceTree = "<group>";
		};
		B9B41D9825613300003BDB2C /* Feed */ = {
			isa = PBXGroup;
			children = (
				B9B41DAA25613363003BDB2C /* Controllers */,
				B9B41D9C25613324003BDB2C /* Views */,
			);
			path = Feed;
			sourceTree = "<group>";
		};
		B9B41D9C25613324003BDB2C /* Views */ = {
			isa = PBXGroup;
			children = (
				B9B41D992561331D003BDB2C /* Feed.swift */,
			);
			path = Views;
			sourceTree = "<group>";
		};
		B9B41DA82561334C003BDB2C /* NewPost */ = {
			isa = PBXGroup;
			children = (
				B9B41DAB2561336A003BDB2C /* Loaders */,
				B9B41DA92561335A003BDB2C /* Views */,
			);
			path = NewPost;
			sourceTree = "<group>";
		};
		B9B41DA92561335A003BDB2C /* Views */ = {
			isa = PBXGroup;
			children = (
				B9B41DAC25613371003BDB2C /* NewPost.swift */,
			);
			path = Views;
			sourceTree = "<group>";
		};
		B9B41DAA25613363003BDB2C /* Controllers */ = {
			isa = PBXGroup;
			children = (
				B98FC6B025652211004C8A2C /* FeedController.swift */,
			);
			path = Controllers;
			sourceTree = "<group>";
		};
		B9B41DAB2561336A003BDB2C /* Loaders */ = {
			isa = PBXGroup;
			children = (
			);
			path = Loaders;
			sourceTree = "<group>";
		};
		B9B41DAF2561337D003BDB2C /* Users */ = {
			isa = PBXGroup;
			children = (
				B9B41DB22561338B003BDB2C /* Loaders */,
				B9B41DB025613383003BDB2C /* Views */,
			);
			path = Users;
			sourceTree = "<group>";
		};
		B9B41DB025613383003BDB2C /* Views */ = {
			isa = PBXGroup;
			children = (
				B9AA29172563FAD6002601BA /* Profile.swift */,
				B9AA292625640010002601BA /* ProfileHeader.swift */,
				B98FC69E25651D84004C8A2C /* ProfileName.swift */,
				B98FC69B25651D48004C8A2C /* ProfileUsername.swift */,
				B98FC6A125651DDA004C8A2C /* ProfileBio.swift */,
				B9AA2947256515E0002601BA /* UserUsernameLabel.swift */,
				B9AA294A2565165F002601BA /* UserSmallLabel.swift */,
				B9AA294D2565169B002601BA /* UserProfilePicture.swift */,
			);
			path = Views;
			sourceTree = "<group>";
		};
		B9B41DB22561338B003BDB2C /* Loaders */ = {
			isa = PBXGroup;
			children = (
				B9AA290E2563F893002601BA /* UserLoader.swift */,
			);
			path = Loaders;
			sourceTree = "<group>";
		};
/* End PBXGroup section */

/* Begin PBXNativeTarget section */
		B9B41D832561324C003BDB2C /* Frontend */ = {
			isa = PBXNativeTarget;
			buildConfigurationList = B9B41D932561324D003BDB2C /* Build configuration list for PBXNativeTarget "Frontend" */;
			buildPhases = (
				BE1B99A8BEB099113D9B6B0E /* [CP] Check Pods Manifest.lock */,
				B9B41D802561324C003BDB2C /* Sources */,
				B9B41D812561324C003BDB2C /* Frameworks */,
				B9B41D822561324C003BDB2C /* Resources */,
				5F1438B06D81E03046B55306 /* [CP] Embed Pods Frameworks */,
			);
			buildRules = (
			);
			dependencies = (
			);
			name = Frontend;
			packageProductDependencies = (
			);
			productName = Frontend;
			productReference = B9B41D842561324C003BDB2C /* Frontend.app */;
			productType = "com.apple.product-type.application";
		};
/* End PBXNativeTarget section */

/* Begin PBXProject section */
		B9B41D7C2561324C003BDB2C /* Project object */ = {
			isa = PBXProject;
			attributes = {
				LastSwiftUpdateCheck = 1220;
				LastUpgradeCheck = 1220;
				TargetAttributes = {
					B9B41D832561324C003BDB2C = {
						CreatedOnToolsVersion = 12.2;
					};
				};
			};
			buildConfigurationList = B9B41D7F2561324C003BDB2C /* Build configuration list for PBXProject "Frontend" */;
			compatibilityVersion = "Xcode 9.3";
			developmentRegion = en;
			hasScannedForEncodings = 0;
			knownRegions = (
				en,
				Base,
			);
			mainGroup = B9B41D7B2561324C003BDB2C;
			packageReferences = (
			);
			productRefGroup = B9B41D852561324C003BDB2C /* Products */;
			projectDirPath = "";
			projectRoot = "";
			targets = (
				B9B41D832561324C003BDB2C /* Frontend */,
			);
		};
/* End PBXProject section */

/* Begin PBXResourcesBuildPhase section */
		B9B41D822561324C003BDB2C /* Resources */ = {
			isa = PBXResourcesBuildPhase;
			buildActionMask = 2147483647;
			files = (
				B9B41D8F2561324D003BDB2C /* Preview Assets.xcassets in Resources */,
				B9B41D8C2561324D003BDB2C /* Assets.xcassets in Resources */,
			);
			runOnlyForDeploymentPostprocessing = 0;
		};
/* End PBXResourcesBuildPhase section */

/* Begin PBXShellScriptBuildPhase section */
		5F1438B06D81E03046B55306 /* [CP] Embed Pods Frameworks */ = {
			isa = PBXShellScriptBuildPhase;
			buildActionMask = 2147483647;
			files = (
			);
			inputFileListPaths = (
				"${PODS_ROOT}/Target Support Files/Pods-Frontend/Pods-Frontend-frameworks-${CONFIGURATION}-input-files.xcfilelist",
			);
			name = "[CP] Embed Pods Frameworks";
			outputFileListPaths = (
				"${PODS_ROOT}/Target Support Files/Pods-Frontend/Pods-Frontend-frameworks-${CONFIGURATION}-output-files.xcfilelist",
			);
			runOnlyForDeploymentPostprocessing = 0;
			shellPath = /bin/sh;
			shellScript = "\"${PODS_ROOT}/Target Support Files/Pods-Frontend/Pods-Frontend-frameworks.sh\"\n";
			showEnvVarsInLog = 0;
		};
		BE1B99A8BEB099113D9B6B0E /* [CP] Check Pods Manifest.lock */ = {
			isa = PBXShellScriptBuildPhase;
			buildActionMask = 2147483647;
			files = (
			);
			inputFileListPaths = (
			);
			inputPaths = (
				"${PODS_PODFILE_DIR_PATH}/Podfile.lock",
				"${PODS_ROOT}/Manifest.lock",
			);
			name = "[CP] Check Pods Manifest.lock";
			outputFileListPaths = (
			);
			outputPaths = (
				"$(DERIVED_FILE_DIR)/Pods-Frontend-checkManifestLockResult.txt",
			);
			runOnlyForDeploymentPostprocessing = 0;
			shellPath = /bin/sh;
			shellScript = "diff \"${PODS_PODFILE_DIR_PATH}/Podfile.lock\" \"${PODS_ROOT}/Manifest.lock\" > /dev/null\nif [ $? != 0 ] ; then\n    # print error to STDERR\n    echo \"error: The sandbox is not in sync with the Podfile.lock. Run 'pod install' or update your CocoaPods installation.\" >&2\n    exit 1\nfi\n# This output is used by Xcode 'outputs' to avoid re-running this script phase.\necho \"SUCCESS\" > \"${SCRIPT_OUTPUT_FILE_0}\"\n";
			showEnvVarsInLog = 0;
		};
/* End PBXShellScriptBuildPhase section */

/* Begin PBXSourcesBuildPhase section */
		B9B41D802561324C003BDB2C /* Sources */ = {
			isa = PBXSourcesBuildPhase;
			buildActionMask = 2147483647;
			files = (
				B9AA29212563FEB1002601BA /* PostThumbnail.swift in Sources */,
				B98FC70C256551C3004C8A2C /* LogInWithSnapchatButton.swift in Sources */,
				B9AA29152563F9D8002601BA /* FetchRequest.swift in Sources */,
				B98FC6B425652227004C8A2C /* FeedPage.swift in Sources */,
				B9B41D8A2561324C003BDB2C /* Base.swift in Sources */,
				B9AA29122563F8C7002601BA /* Constants.swift in Sources */,
				B9B41D9A2561331D003BDB2C /* Feed.swift in Sources */,
				B98FC6BD2565281E004C8A2C /* StatusResponse.swift in Sources */,
				B98A791E2562BD6D000FFAAD /* Modifier-Aligned.swift in Sources */,
				B98FC6C12565286F004C8A2C /* IDRequest.swift in Sources */,
				B98FC6B125652211004C8A2C /* FeedController.swift in Sources */,
				B9AA29012563F214002601BA /* ThrowsErrors.swift in Sources */,
				B9AA294425651566002601BA /* CommentView.swift in Sources */,
				B98FC6EB25654910004C8A2C /* DiscountLoader.swift in Sources */,
				B98FC69F25651D84004C8A2C /* ProfileName.swift in Sources */,
				B98FC6F425654A66004C8A2C /* UserPointsLoader.swift in Sources */,
				B98FC6DA2565413A004C8A2C /* CommentListStandalone.swift in Sources */,
				B98FC6E425654847004C8A2C /* AllDiscountsLoader.swift in Sources */,
				B9B41D882561324C003BDB2C /* App.swift in Sources */,
				B9AA294E2565169B002601BA /* UserProfilePicture.swift in Sources */,
				B9AA2956256517DC002601BA /* CommentInfo.swift in Sources */,
				B98FC6DE2565421C004C8A2C /* PostScreen.swift in Sources */,
				B9AA293D25651453002601BA /* Discount.swift in Sources */,
				B9AA291E2563FDA4002601BA /* PostGrid.swift in Sources */,
				B9AA29092563F569002601BA /* Load.swift in Sources */,
				B9AA29042563F230002601BA /* IdentifiableError.swift in Sources */,
				B9AA292D256509C6002601BA /* Placeholders.swift in Sources */,
				B9AA29182563FAD6002601BA /* Profile.swift in Sources */,
				B9B41DAD25613371003BDB2C /* NewPost.swift in Sources */,
				B98FC7122565565B004C8A2C /* CloseButton.swift in Sources */,
				B98FC70625654D1E004C8A2C /* DiscountGrid.swift in Sources */,
				B98FC69525651B13004C8A2C /* CommentList.swift in Sources */,
				B9AA2948256515E0002601BA /* UserUsernameLabel.swift in Sources */,
				B9AA292725640010002601BA /* ProfileHeader.swift in Sources */,
				B98FC6F125654A40004C8A2C /* PointsHeader.swift in Sources */,
				B98FC69C25651D48004C8A2C /* ProfileUsername.swift in Sources */,
				B9AA290C2563F695002601BA /* Loadable.swift in Sources */,
				B9B41DA225613338003BDB2C /* PostImage.swift in Sources */,
				B98FC70F2565526D004C8A2C /* AuthController.swift in Sources */,
				B98FC69925651BB3004C8A2C /* CommentListPreview.swift in Sources */,
				B98FC70325654CC5004C8A2C /* DiscountScreen.swift in Sources */,
				B90DE0A72563EF9500A67055 /* Comment.swift in Sources */,
				B98FC6D025653E3E004C8A2C /* PostStack.swift in Sources */,
				50752D342562ADF60018242B /* SignInView.swift in Sources */,
				B98FC6A225651DDA004C8A2C /* ProfileBio.swift in Sources */,
				B98FC6B725652480004C8A2C /* FeedPageRequest.swift in Sources */,
				B9AA29242563FF1B002601BA /* PostLoader.swift in Sources */,
				B98FC6E7256548BE004C8A2C /* EmptyRequest.swift in Sources */,
				B98FC6EE256549CA004C8A2C /* PointsDiscounts.swift in Sources */,
				B9AA28FE2563F1F5002601BA /* Loader.swift in Sources */,
				B98FC6F725654A72004C8A2C /* UserPoints.swift in Sources */,
				B9B41D9E25613331003BDB2C /* PostView.swift in Sources */,
				B98FC6AB25651F10004C8A2C /* PostDescription.swift in Sources */,
				B9AA293925651274002601BA /* CommentLoader.swift in Sources */,
				B98FC6D425653F88004C8A2C /* PaddedView.swift in Sources */,
				B98FC6FF25654C52004C8A2C /* DiscountView.swift in Sources */,
				B9AA290F2563F893002601BA /* UserLoader.swift in Sources */,
				B9AA294B2565165F002601BA /* UserSmallLabel.swift in Sources */,
				B98FC6C725653DB6004C8A2C /* Padding-Default.swift in Sources */,
				B90DE09C2563EC3B00A67055 /* Post.swift in Sources */,
				B90DE0A02563ECC000A67055 /* User.swift in Sources */,
			);
			runOnlyForDeploymentPostprocessing = 0;
		};
/* End PBXSourcesBuildPhase section */

/* Begin XCBuildConfiguration section */
		B9B41D912561324D003BDB2C /* Debug */ = {
			isa = XCBuildConfiguration;
			buildSettings = {
				ALWAYS_SEARCH_USER_PATHS = NO;
				CLANG_ANALYZER_NONNULL = YES;
				CLANG_ANALYZER_NUMBER_OBJECT_CONVERSION = YES_AGGRESSIVE;
				CLANG_CXX_LANGUAGE_STANDARD = "gnu++14";
				CLANG_CXX_LIBRARY = "libc++";
				CLANG_ENABLE_MODULES = YES;
				CLANG_ENABLE_OBJC_ARC = YES;
				CLANG_ENABLE_OBJC_WEAK = YES;
				CLANG_WARN_BLOCK_CAPTURE_AUTORELEASING = YES;
				CLANG_WARN_BOOL_CONVERSION = YES;
				CLANG_WARN_COMMA = YES;
				CLANG_WARN_CONSTANT_CONVERSION = YES;
				CLANG_WARN_DEPRECATED_OBJC_IMPLEMENTATIONS = YES;
				CLANG_WARN_DIRECT_OBJC_ISA_USAGE = YES_ERROR;
				CLANG_WARN_DOCUMENTATION_COMMENTS = YES;
				CLANG_WARN_EMPTY_BODY = YES;
				CLANG_WARN_ENUM_CONVERSION = YES;
				CLANG_WARN_INFINITE_RECURSION = YES;
				CLANG_WARN_INT_CONVERSION = YES;
				CLANG_WARN_NON_LITERAL_NULL_CONVERSION = YES;
				CLANG_WARN_OBJC_IMPLICIT_RETAIN_SELF = YES;
				CLANG_WARN_OBJC_LITERAL_CONVERSION = YES;
				CLANG_WARN_OBJC_ROOT_CLASS = YES_ERROR;
				CLANG_WARN_QUOTED_INCLUDE_IN_FRAMEWORK_HEADER = YES;
				CLANG_WARN_RANGE_LOOP_ANALYSIS = YES;
				CLANG_WARN_STRICT_PROTOTYPES = YES;
				CLANG_WARN_SUSPICIOUS_MOVE = YES;
				CLANG_WARN_UNGUARDED_AVAILABILITY = YES_AGGRESSIVE;
				CLANG_WARN_UNREACHABLE_CODE = YES;
				CLANG_WARN__DUPLICATE_METHOD_MATCH = YES;
				COPY_PHASE_STRIP = NO;
				DEBUG_INFORMATION_FORMAT = dwarf;
				ENABLE_STRICT_OBJC_MSGSEND = YES;
				ENABLE_TESTABILITY = YES;
				GCC_C_LANGUAGE_STANDARD = gnu11;
				GCC_DYNAMIC_NO_PIC = NO;
				GCC_NO_COMMON_BLOCKS = YES;
				GCC_OPTIMIZATION_LEVEL = 0;
				GCC_PREPROCESSOR_DEFINITIONS = (
					"DEBUG=1",
					"$(inherited)",
				);
				GCC_WARN_64_TO_32_BIT_CONVERSION = YES;
				GCC_WARN_ABOUT_RETURN_TYPE = YES_ERROR;
				GCC_WARN_UNDECLARED_SELECTOR = YES;
				GCC_WARN_UNINITIALIZED_AUTOS = YES_AGGRESSIVE;
				GCC_WARN_UNUSED_FUNCTION = YES;
				GCC_WARN_UNUSED_VARIABLE = YES;
				IPHONEOS_DEPLOYMENT_TARGET = 14.2;
				MTL_ENABLE_DEBUG_INFO = INCLUDE_SOURCE;
				MTL_FAST_MATH = YES;
				ONLY_ACTIVE_ARCH = YES;
				SDKROOT = iphoneos;
				SWIFT_ACTIVE_COMPILATION_CONDITIONS = DEBUG;
				SWIFT_OPTIMIZATION_LEVEL = "-Onone";
			};
			name = Debug;
		};
		B9B41D922561324D003BDB2C /* Release */ = {
			isa = XCBuildConfiguration;
			buildSettings = {
				ALWAYS_SEARCH_USER_PATHS = NO;
				CLANG_ANALYZER_NONNULL = YES;
				CLANG_ANALYZER_NUMBER_OBJECT_CONVERSION = YES_AGGRESSIVE;
				CLANG_CXX_LANGUAGE_STANDARD = "gnu++14";
				CLANG_CXX_LIBRARY = "libc++";
				CLANG_ENABLE_MODULES = YES;
				CLANG_ENABLE_OBJC_ARC = YES;
				CLANG_ENABLE_OBJC_WEAK = YES;
				CLANG_WARN_BLOCK_CAPTURE_AUTORELEASING = YES;
				CLANG_WARN_BOOL_CONVERSION = YES;
				CLANG_WARN_COMMA = YES;
				CLANG_WARN_CONSTANT_CONVERSION = YES;
				CLANG_WARN_DEPRECATED_OBJC_IMPLEMENTATIONS = YES;
				CLANG_WARN_DIRECT_OBJC_ISA_USAGE = YES_ERROR;
				CLANG_WARN_DOCUMENTATION_COMMENTS = YES;
				CLANG_WARN_EMPTY_BODY = YES;
				CLANG_WARN_ENUM_CONVERSION = YES;
				CLANG_WARN_INFINITE_RECURSION = YES;
				CLANG_WARN_INT_CONVERSION = YES;
				CLANG_WARN_NON_LITERAL_NULL_CONVERSION = YES;
				CLANG_WARN_OBJC_IMPLICIT_RETAIN_SELF = YES;
				CLANG_WARN_OBJC_LITERAL_CONVERSION = YES;
				CLANG_WARN_OBJC_ROOT_CLASS = YES_ERROR;
				CLANG_WARN_QUOTED_INCLUDE_IN_FRAMEWORK_HEADER = YES;
				CLANG_WARN_RANGE_LOOP_ANALYSIS = YES;
				CLANG_WARN_STRICT_PROTOTYPES = YES;
				CLANG_WARN_SUSPICIOUS_MOVE = YES;
				CLANG_WARN_UNGUARDED_AVAILABILITY = YES_AGGRESSIVE;
				CLANG_WARN_UNREACHABLE_CODE = YES;
				CLANG_WARN__DUPLICATE_METHOD_MATCH = YES;
				COPY_PHASE_STRIP = NO;
				DEBUG_INFORMATION_FORMAT = "dwarf-with-dsym";
				ENABLE_NS_ASSERTIONS = NO;
				ENABLE_STRICT_OBJC_MSGSEND = YES;
				GCC_C_LANGUAGE_STANDARD = gnu11;
				GCC_NO_COMMON_BLOCKS = YES;
				GCC_WARN_64_TO_32_BIT_CONVERSION = YES;
				GCC_WARN_ABOUT_RETURN_TYPE = YES_ERROR;
				GCC_WARN_UNDECLARED_SELECTOR = YES;
				GCC_WARN_UNINITIALIZED_AUTOS = YES_AGGRESSIVE;
				GCC_WARN_UNUSED_FUNCTION = YES;
				GCC_WARN_UNUSED_VARIABLE = YES;
				IPHONEOS_DEPLOYMENT_TARGET = 14.2;
				MTL_ENABLE_DEBUG_INFO = NO;
				MTL_FAST_MATH = YES;
				SDKROOT = iphoneos;
				SWIFT_COMPILATION_MODE = wholemodule;
				SWIFT_OPTIMIZATION_LEVEL = "-O";
				VALIDATE_PRODUCT = YES;
			};
			name = Release;
		};
		B9B41D942561324D003BDB2C /* Debug */ = {
			isa = XCBuildConfiguration;
			baseConfigurationReference = 87B2EAF82C73C9E24FD18149 /* Pods-Frontend.debug.xcconfig */;
			buildSettings = {
				ARCHS = "$(ARCHS_STANDARD)";
				ASSETCATALOG_COMPILER_APPICON_NAME = AppIcon;
				ASSETCATALOG_COMPILER_GLOBAL_ACCENT_COLOR_NAME = AccentColor;
				CODE_SIGN_ENTITLEMENTS = Frontend/Frontend.entitlements;
				CODE_SIGN_STYLE = Automatic;
				DEVELOPMENT_ASSET_PATHS = "\"Frontend/Preview Content\"";
				DEVELOPMENT_TEAM = 74N8K5J2N7;
				ENABLE_PREVIEWS = YES;
				"EXCLUDED_ARCHS[sdk=iphonesimulator*]" = "";
				INFOPLIST_FILE = Frontend/Info.plist;
				IPHONEOS_DEPLOYMENT_TARGET = 14.0;
				"IPHONEOS_DEPLOYMENT_TARGET[sdk=macosx*]" = 14.2;
				LD_RUNPATH_SEARCH_PATHS = (
					"$(inherited)",
					"@executable_path/Frameworks",
				);
				ONLY_ACTIVE_ARCH = NO;
				PRODUCT_BUNDLE_IDENTIFIER = com.cisxideas.ms.Frontend;
				PRODUCT_NAME = "$(TARGET_NAME)";
				SUPPORTS_MACCATALYST = YES;
				SWIFT_VERSION = 5.0;
				TARGETED_DEVICE_FAMILY = "1,2,6";
				VALID_ARCHS = "armv7 armv7s arm64 arm64e x86_64";
			};
			name = Debug;
		};
		B9B41D952561324D003BDB2C /* Release */ = {
			isa = XCBuildConfiguration;
			baseConfigurationReference = B89498420F5FAB6216F6A10C /* Pods-Frontend.release.xcconfig */;
			buildSettings = {
				ASSETCATALOG_COMPILER_APPICON_NAME = AppIcon;
				ASSETCATALOG_COMPILER_GLOBAL_ACCENT_COLOR_NAME = AccentColor;
				CODE_SIGN_ENTITLEMENTS = Frontend/Frontend.entitlements;
				CODE_SIGN_STYLE = Automatic;
				DEVELOPMENT_ASSET_PATHS = "\"Frontend/Preview Content\"";
				DEVELOPMENT_TEAM = 74N8K5J2N7;
				ENABLE_PREVIEWS = YES;
				INFOPLIST_FILE = Frontend/Info.plist;
				IPHONEOS_DEPLOYMENT_TARGET = 14.0;
				"IPHONEOS_DEPLOYMENT_TARGET[sdk=macosx*]" = 14.2;
				LD_RUNPATH_SEARCH_PATHS = (
					"$(inherited)",
					"@executable_path/Frameworks",
				);
				PRODUCT_BUNDLE_IDENTIFIER = com.cisxideas.ms.Frontend;
				PRODUCT_NAME = "$(TARGET_NAME)";
				SUPPORTS_MACCATALYST = YES;
				SWIFT_VERSION = 5.0;
				TARGETED_DEVICE_FAMILY = "1,2,6";
				VALID_ARCHS = "armv7 armv7s arm64 arm64e x86_64";
			};
			name = Release;
		};
/* End XCBuildConfiguration section */

/* Begin XCConfigurationList section */
		B9B41D7F2561324C003BDB2C /* Build configuration list for PBXProject "Frontend" */ = {
			isa = XCConfigurationList;
			buildConfigurations = (
				B9B41D912561324D003BDB2C /* Debug */,
				B9B41D922561324D003BDB2C /* Release */,
			);
			defaultConfigurationIsVisible = 0;
			defaultConfigurationName = Release;
		};
		B9B41D932561324D003BDB2C /* Build configuration list for PBXNativeTarget "Frontend" */ = {
			isa = XCConfigurationList;
			buildConfigurations = (
				B9B41D942561324D003BDB2C /* Debug */,
				B9B41D952561324D003BDB2C /* Release */,
			);
			defaultConfigurationIsVisible = 0;
			defaultConfigurationName = Release;
		};
/* End XCConfigurationList section */
	};
	rootObject = B9B41D7C2561324C003BDB2C /* Project object */;
}
